
Microsoft Visual Studio Solution File, Format Version 12.00
# Visual Studio Version 17
VisualStudioVersion = 17.4.33213.308
MinimumVisualStudioVersion = 10.0.40219.1
Project("{FAE04EC0-301F-11D3-BF4B-00C04F79EFBC}") = "SimbirSoftAPITask1", "SimbirSoftAPITask1.csproj", "{EB6462A4-2FA4-405B-BC08-896BAB602046}"
EndProject
Global
	GlobalSection(SolutionConfigurationPlatforms) = preSolution
		Debug|Any CPU = Debug|Any CPU
		Release|Any CPU = Release|Any CPU
	EndGlobalSection
	GlobalSection(ProjectConfigurationPlatforms) = postSolution
		{EB6462A4-2FA4-405B-BC08-896BAB602046}.Debug|Any CPU.ActiveCfg = Debug|Any CPU
		{EB6462A4-2FA4-405B-BC08-896BAB602046}.Debug|Any CPU.Build.0 = Debug|Any CPU
		{EB6462A4-2FA4-405B-BC08-896BAB602046}.Release|Any CPU.ActiveCfg = Release|Any CPU
		{EB6462A4-2FA4-405B-BC08-896BAB602046}.Release|Any CPU.Build.0 = Release|Any CPU
	EndGlobalSection
	GlobalSection(SolutionProperties) = preSolution
		HideSolutionNode = FALSE
	EndGlobalSection
	GlobalSection(ExtensibilityGlobals) = postSolution
		SolutionGuid = {12FBB0E5-536B-482E-B284-33DF272C7CDF}
	EndGlobalSection
EndGlobal
